
Microsoft Visual Studio Solution File, Format Version 12.00
# Visual Studio Version 16
VisualStudioVersion = 16.0.29609.76
MinimumVisualStudioVersion = 10.0.40219.1
Project("{9A19103F-16F7-4668-BE54-9A1E7A4F7556}") = "Car-Rental-System-API", "Car-Rental-System-API.csproj", "{2E7AA53F-FBA4-4169-B83D-2B96E76544E8}"
EndProject
Global
	GlobalSection(SolutionConfigurationPlatforms) = preSolution
		Debug|Any CPU = Debug|Any CPU
		Release|Any CPU = Release|Any CPU
	EndGlobalSection
	GlobalSection(ProjectConfigurationPlatforms) = postSolution
		{2E7AA53F-FBA4-4169-B83D-2B96E76544E8}.Debug|Any CPU.ActiveCfg = Debug|Any CPU
		{2E7AA53F-FBA4-4169-B83D-2B96E76544E8}.Debug|Any CPU.Build.0 = Debug|Any CPU
		{2E7AA53F-FBA4-4169-B83D-2B96E76544E8}.Release|Any CPU.ActiveCfg = Release|Any CPU
		{2E7AA53F-FBA4-4169-B83D-2B96E76544E8}.Release|Any CPU.Build.0 = Release|Any CPU
	EndGlobalSection
	GlobalSection(SolutionProperties) = preSolution
		HideSolutionNode = FALSE
	EndGlobalSection
	GlobalSection(ExtensibilityGlobals) = postSolution
		SolutionGuid = {920EC744-A334-4606-BDAC-B51DADDB6B87}
	EndGlobalSection
EndGlobal
